// !$*UTF8*$!
{
	archiveVersion = 1;
	classes = {
	};
	objectVersion = 50;
	objects = {

/* Begin PBXBuildFile section */
		FDDAA4D026D4C7E400370E26 /* AppDelegate.swift in Sources */ = {isa = PBXBuildFile; fileRef = FDDAA4CF26D4C7E400370E26 /* AppDelegate.swift */; };
		FDDAA4D226D4C7E400370E26 /* SceneDelegate.swift in Sources */ = {isa = PBXBuildFile; fileRef = FDDAA4D126D4C7E400370E26 /* SceneDelegate.swift */; };
		FDDAA4D726D4C7E400370E26 /* Main.storyboard in Resources */ = {isa = PBXBuildFile; fileRef = FDDAA4D526D4C7E400370E26 /* Main.storyboard */; };
		FDDAA4D926D4C7E500370E26 /* Assets.xcassets in Resources */ = {isa = PBXBuildFile; fileRef = FDDAA4D826D4C7E500370E26 /* Assets.xcassets */; };
		FDDAA4DC26D4C7E500370E26 /* LaunchScreen.storyboard in Resources */ = {isa = PBXBuildFile; fileRef = FDDAA4DA26D4C7E500370E26 /* LaunchScreen.storyboard */; };
		FDDAA4E426D4C8CD00370E26 /* LoginViewController.swift in Sources */ = {isa = PBXBuildFile; fileRef = FDDAA4E326D4C8CD00370E26 /* LoginViewController.swift */; };
		FDDAA4E626D4C8E500370E26 /* WelcomeViewController.swift in Sources */ = {isa = PBXBuildFile; fileRef = FDDAA4E526D4C8E500370E26 /* WelcomeViewController.swift */; };
		FDDAA52F26D9FEE900370E26 /* User.swift in Sources */ = {isa = PBXBuildFile; fileRef = FDDAA52E26D9FEE900370E26 /* User.swift */; };
		FDDAA53126DA2C9300370E26 /* WorkExperienceViewController.swift in Sources */ = {isa = PBXBuildFile; fileRef = FDDAA53026DA2C9300370E26 /* WorkExperienceViewController.swift */; };
		FDDAA53326DA2CA800370E26 /* PersonalInfoViewController.swift in Sources */ = {isa = PBXBuildFile; fileRef = FDDAA53226DA2CA800370E26 /* PersonalInfoViewController.swift */; };
		FDDAA53526DA2CD800370E26 /* EducationViewController.swift in Sources */ = {isa = PBXBuildFile; fileRef = FDDAA53426DA2CD800370E26 /* EducationViewController.swift */; };
		FDDAA53726DA73B500370E26 /* ExperienceDetailedViewController.swift in Sources */ = {isa = PBXBuildFile; fileRef = FDDAA53626DA73B500370E26 /* ExperienceDetailedViewController.swift */; };
		FDDAA53926DA73C500370E26 /* CertificatesViewController.swift in Sources */ = {isa = PBXBuildFile; fileRef = FDDAA53826DA73C500370E26 /* CertificatesViewController.swift */; };
/* End PBXBuildFile section */

/* Begin PBXFileReference section */
		FDDAA4CC26D4C7E400370E26 /* LoginHomeWork.app */ = {isa = PBXFileReference; explicitFileType = wrapper.application; includeInIndex = 0; path = LoginHomeWork.app; sourceTree = BUILT_PRODUCTS_DIR; };
		FDDAA4CF26D4C7E400370E26 /* AppDelegate.swift */ = {isa = PBXFileReference; lastKnownFileType = sourcecode.swift; path = AppDelegate.swift; sourceTree = "<group>"; };
		FDDAA4D126D4C7E400370E26 /* SceneDelegate.swift */ = {isa = PBXFileReference; lastKnownFileType = sourcecode.swift; path = SceneDelegate.swift; sourceTree = "<group>"; };
		FDDAA4D626D4C7E400370E26 /* Base */ = {isa = PBXFileReference; lastKnownFileType = file.storyboard; name = Base; path = Base.lproj/Main.storyboard; sourceTree = "<group>"; };
		FDDAA4D826D4C7E500370E26 /* Assets.xcassets */ = {isa = PBXFileReference; lastKnownFileType = folder.assetcatalog; path = Assets.xcassets; sourceTree = "<group>"; };
		FDDAA4DB26D4C7E500370E26 /* Base */ = {isa = PBXFileReference; lastKnownFileType = file.storyboard; name = Base; path = Base.lproj/LaunchScreen.storyboard; sourceTree = "<group>"; };
		FDDAA4DD26D4C7E500370E26 /* Info.plist */ = {isa = PBXFileReference; lastKnownFileType = text.plist.xml; path = Info.plist; sourceTree = "<group>"; };
		FDDAA4E326D4C8CD00370E26 /* LoginViewController.swift */ = {isa = PBXFileReference; lastKnownFileType = sourcecode.swift; path = LoginViewController.swift; sourceTree = "<group>"; };
		FDDAA4E526D4C8E500370E26 /* WelcomeViewController.swift */ = {isa = PBXFileReference; lastKnownFileType = sourcecode.swift; path = WelcomeViewController.swift; sourceTree = "<group>"; };
		FDDAA52E26D9FEE900370E26 /* User.swift */ = {isa = PBXFileReference; lastKnownFileType = sourcecode.swift; path = User.swift; sourceTree = "<group>"; };
		FDDAA53026DA2C9300370E26 /* WorkExperienceViewController.swift */ = {isa = PBXFileReference; lastKnownFileType = sourcecode.swift; path = WorkExperienceViewController.swift; sourceTree = "<group>"; };
		FDDAA53226DA2CA800370E26 /* PersonalInfoViewController.swift */ = {isa = PBXFileReference; lastKnownFileType = sourcecode.swift; path = PersonalInfoViewController.swift; sourceTree = "<group>"; };
		FDDAA53426DA2CD800370E26 /* EducationViewController.swift */ = {isa = PBXFileReference; lastKnownFileType = sourcecode.swift; path = EducationViewController.swift; sourceTree = "<group>"; };
		FDDAA53626DA73B500370E26 /* ExperienceDetailedViewController.swift */ = {isa = PBXFileReference; lastKnownFileType = sourcecode.swift; path = ExperienceDetailedViewController.swift; sourceTree = "<group>"; };
		FDDAA53826DA73C500370E26 /* CertificatesViewController.swift */ = {isa = PBXFileReference; lastKnownFileType = sourcecode.swift; path = CertificatesViewController.swift; sourceTree = "<group>"; };
/* End PBXFileReference section */

/* Begin PBXFrameworksBuildPhase section */
		FDDAA4C926D4C7E400370E26 /* Frameworks */ = {
			isa = PBXFrameworksBuildPhase;
			buildActionMask = 2147483647;
			files = (
			);
			runOnlyForDeploymentPostprocessing = 0;
		};
/* End PBXFrameworksBuildPhase section */

/* Begin PBXGroup section */
		FDDAA4C326D4C7E400370E26 = {
			isa = PBXGroup;
			children = (
				FDDAA4CE26D4C7E400370E26 /* LoginHomeWork */,
				FDDAA4CD26D4C7E400370E26 /* Products */,
			);
			sourceTree = "<group>";
		};
		FDDAA4CD26D4C7E400370E26 /* Products */ = {
			isa = PBXGroup;
			children = (
				FDDAA4CC26D4C7E400370E26 /* LoginHomeWork.app */,
			);
			name = Products;
			sourceTree = "<group>";
		};
		FDDAA4CE26D4C7E400370E26 /* LoginHomeWork */ = {
			isa = PBXGroup;
			children = (
				FDDAA52B26D9F4E700370E26 /* ViewControllers */,
				FDDAA52D26D9F55B00370E26 /* Models */,
				FDDAA52A26D9F4D400370E26 /* Strotyboards */,
				FDDAA52C26D9F50100370E26 /* Resources */,
				FDDAA52926D9F48A00370E26 /* App */,
			);
			path = LoginHomeWork;
			sourceTree = "<group>";
		};
		FDDAA52926D9F48A00370E26 /* App */ = {
			isa = PBXGroup;
			children = (
				FDDAA4CF26D4C7E400370E26 /* AppDelegate.swift */,
				FDDAA4D126D4C7E400370E26 /* SceneDelegate.swift */,
				FDDAA4DD26D4C7E500370E26 /* Info.plist */,
			);
			path = App;
			sourceTree = "<group>";
		};
		FDDAA52A26D9F4D400370E26 /* Strotyboards */ = {
			isa = PBXGroup;
			children = (
				FDDAA4D526D4C7E400370E26 /* Main.storyboard */,
				FDDAA4DA26D4C7E500370E26 /* LaunchScreen.storyboard */,
			);
			path = Strotyboards;
			sourceTree = "<group>";
		};
		FDDAA52B26D9F4E700370E26 /* ViewControllers */ = {
			isa = PBXGroup;
			children = (
				FDDAA4E326D4C8CD00370E26 /* LoginViewController.swift */,
				FDDAA4E526D4C8E500370E26 /* WelcomeViewController.swift */,
				FDDAA53026DA2C9300370E26 /* WorkExperienceViewController.swift */,
				FDDAA53226DA2CA800370E26 /* PersonalInfoViewController.swift */,
				FDDAA53426DA2CD800370E26 /* EducationViewController.swift */,
				FDDAA53626DA73B500370E26 /* ExperienceDetailedViewController.swift */,
				FDDAA53826DA73C500370E26 /* CertificatesViewController.swift */,
			);
			path = ViewControllers;
			sourceTree = "<group>";
		};
		FDDAA52C26D9F50100370E26 /* Resources */ = {
			isa = PBXGroup;
			children = (
				FDDAA4D826D4C7E500370E26 /* Assets.xcassets */,
			);
			path = Resources;
			sourceTree = "<group>";
		};
		FDDAA52D26D9F55B00370E26 /* Models */ = {
			isa = PBXGroup;
			children = (
				FDDAA52E26D9FEE900370E26 /* User.swift */,
			);
			path = Models;
			sourceTree = "<group>";
		};
/* End PBXGroup section */

/* Begin PBXNativeTarget section */
		FDDAA4CB26D4C7E400370E26 /* LoginHomeWork */ = {
			isa = PBXNativeTarget;
			buildConfigurationList = FDDAA4E026D4C7E500370E26 /* Build configuration list for PBXNativeTarget "LoginHomeWork" */;
			buildPhases = (
				FDDAA4C826D4C7E400370E26 /* Sources */,
				FDDAA4C926D4C7E400370E26 /* Frameworks */,
				FDDAA4CA26D4C7E400370E26 /* Resources */,
			);
			buildRules = (
			);
			dependencies = (
			);
			name = LoginHomeWork;
			productName = LoginHomeWork;
			productReference = FDDAA4CC26D4C7E400370E26 /* LoginHomeWork.app */;
			productType = "com.apple.product-type.application";
		};
/* End PBXNativeTarget section */

/* Begin PBXProject section */
		FDDAA4C426D4C7E400370E26 /* Project object */ = {
			isa = PBXProject;
			attributes = {
				LastSwiftUpdateCheck = 1250;
				LastUpgradeCheck = 1250;
				TargetAttributes = {
					FDDAA4CB26D4C7E400370E26 = {
						CreatedOnToolsVersion = 12.5.1;
					};
				};
			};
			buildConfigurationList = FDDAA4C726D4C7E400370E26 /* Build configuration list for PBXProject "LoginHomeWork" */;
			compatibilityVersion = "Xcode 9.3";
			developmentRegion = en;
			hasScannedForEncodings = 0;
			knownRegions = (
				en,
				Base,
			);
			mainGroup = FDDAA4C326D4C7E400370E26;
			productRefGroup = FDDAA4CD26D4C7E400370E26 /* Products */;
			projectDirPath = "";
			projectRoot = "";
			targets = (
				FDDAA4CB26D4C7E400370E26 /* LoginHomeWork */,
			);
		};
/* End PBXProject section */

/* Begin PBXResourcesBuildPhase section */
		FDDAA4CA26D4C7E400370E26 /* Resources */ = {
			isa = PBXResourcesBuildPhase;
			buildActionMask = 2147483647;
			files = (
				FDDAA4DC26D4C7E500370E26 /* LaunchScreen.storyboard in Resources */,
				FDDAA4D926D4C7E500370E26 /* Assets.xcassets in Resources */,
				FDDAA4D726D4C7E400370E26 /* Main.storyboard in Resources */,
			);
			runOnlyForDeploymentPostprocessing = 0;
		};
/* End PBXResourcesBuildPhase section */

/* Begin PBXSourcesBuildPhase section */
		FDDAA4C826D4C7E400370E26 /* Sources */ = {
			isa = PBXSourcesBuildPhase;
			buildActionMask = 2147483647;
			files = (
				FDDAA4E426D4C8CD00370E26 /* LoginViewController.swift in Sources */,
				FDDAA4E626D4C8E500370E26 /* WelcomeViewController.swift in Sources */,
				FDDAA4D026D4C7E400370E26 /* AppDelegate.swift in Sources */,
				FDDAA53526DA2CD800370E26 /* EducationViewController.swift in Sources */,
				FDDAA53126DA2C9300370E26 /* WorkExperienceViewController.swift in Sources */,
				FDDAA53326DA2CA800370E26 /* PersonalInfoViewController.swift in Sources */,
				FDDAA53926DA73C500370E26 /* CertificatesViewController.swift in Sources */,
				FDDAA52F26D9FEE900370E26 /* User.swift in Sources */,
				FDDAA53726DA73B500370E26 /* ExperienceDetailedViewController.swift in Sources */,
				FDDAA4D226D4C7E400370E26 /* SceneDelegate.swift in Sources */,
			);
			runOnlyForDeploymentPostprocessing = 0;
		};
/* End PBXSourcesBuildPhase section */

/* Begin PBXVariantGroup section */
		FDDAA4D526D4C7E400370E26 /* Main.storyboard */ = {
			isa = PBXVariantGroup;
			children = (
				FDDAA4D626D4C7E400370E26 /* Base */,
			);
			name = Main.storyboard;
			sourceTree = "<group>";
		};
		FDDAA4DA26D4C7E500370E26 /* LaunchScreen.storyboard */ = {
			isa = PBXVariantGroup;
			children = (
				FDDAA4DB26D4C7E500370E26 /* Base */,
			);
			name = LaunchScreen.storyboard;
			sourceTree = "<group>";
		};
/* End PBXVariantGroup section */

/* Begin XCBuildConfiguration section */
		FDDAA4DE26D4C7E500370E26 /* Debug */ = {
			isa = XCBuildConfiguration;
			buildSettings = {
				ALWAYS_SEARCH_USER_PATHS = NO;
				CLANG_ANALYZER_NONNULL = YES;
				CLANG_ANALYZER_NUMBER_OBJECT_CONVERSION = YES_AGGRESSIVE;
				CLANG_CXX_LANGUAGE_STANDARD = "gnu++14";
				CLANG_CXX_LIBRARY = "libc++";
				CLANG_ENABLE_MODULES = YES;
				CLANG_ENABLE_OBJC_ARC = YES;
				CLANG_ENABLE_OBJC_WEAK = YES;
				CLANG_WARN_BLOCK_CAPTURE_AUTORELEASING = YES;
				CLANG_WARN_BOOL_CONVERSION = YES;
				CLANG_WARN_COMMA = YES;
				CLANG_WARN_CONSTANT_CONVERSION = YES;
				CLANG_WARN_DEPRECATED_OBJC_IMPLEMENTATIONS = YES;
				CLANG_WARN_DIRECT_OBJC_ISA_USAGE = YES_ERROR;
				CLANG_WARN_DOCUMENTATION_COMMENTS = YES;
				CLANG_WARN_EMPTY_BODY = YES;
				CLANG_WARN_ENUM_CONVERSION = YES;
				CLANG_WARN_INFINITE_RECURSION = YES;
				CLANG_WARN_INT_CONVERSION = YES;
				CLANG_WARN_NON_LITERAL_NULL_CONVERSION = YES;
				CLANG_WARN_OBJC_IMPLICIT_RETAIN_SELF = YES;
				CLANG_WARN_OBJC_LITERAL_CONVERSION = YES;
				CLANG_WARN_OBJC_ROOT_CLASS = YES_ERROR;
				CLANG_WARN_QUOTED_INCLUDE_IN_FRAMEWORK_HEADER = YES;
				CLANG_WARN_RANGE_LOOP_ANALYSIS = YES;
				CLANG_WARN_STRICT_PROTOTYPES = YES;
				CLANG_WARN_SUSPICIOUS_MOVE = YES;
				CLANG_WARN_UNGUARDED_AVAILABILITY = YES_AGGRESSIVE;
				CLANG_WARN_UNREACHABLE_CODE = YES;
				CLANG_WARN__DUPLICATE_METHOD_MATCH = YES;
				COPY_PHASE_STRIP = NO;
				DEBUG_INFORMATION_FORMAT = dwarf;
				ENABLE_STRICT_OBJC_MSGSEND = YES;
				ENABLE_TESTABILITY = YES;
				GCC_C_LANGUAGE_STANDARD = gnu11;
				GCC_DYNAMIC_NO_PIC = NO;
				GCC_NO_COMMON_BLOCKS = YES;
				GCC_OPTIMIZATION_LEVEL = 0;
				GCC_PREPROCESSOR_DEFINITIONS = (
					"DEBUG=1",
					"$(inherited)",
				);
				GCC_WARN_64_TO_32_BIT_CONVERSION = YES;
				GCC_WARN_ABOUT_RETURN_TYPE = YES_ERROR;
				GCC_WARN_UNDECLARED_SELECTOR = YES;
				GCC_WARN_UNINITIALIZED_AUTOS = YES_AGGRESSIVE;
				GCC_WARN_UNUSED_FUNCTION = YES;
				GCC_WARN_UNUSED_VARIABLE = YES;
				IPHONEOS_DEPLOYMENT_TARGET = 14.5;
				MTL_ENABLE_DEBUG_INFO = INCLUDE_SOURCE;
				MTL_FAST_MATH = YES;
				ONLY_ACTIVE_ARCH = YES;
				SDKROOT = iphoneos;
				SWIFT_ACTIVE_COMPILATION_CONDITIONS = DEBUG;
				SWIFT_OPTIMIZATION_LEVEL = "-Onone";
			};
			name = Debug;
		};
		FDDAA4DF26D4C7E500370E26 /* Release */ = {
			isa = XCBuildConfiguration;
			buildSettings = {
				ALWAYS_SEARCH_USER_PATHS = NO;
				CLANG_ANALYZER_NONNULL = YES;
				CLANG_ANALYZER_NUMBER_OBJECT_CONVERSION = YES_AGGRESSIVE;
				CLANG_CXX_LANGUAGE_STANDARD = "gnu++14";
				CLANG_CXX_LIBRARY = "libc++";
				CLANG_ENABLE_MODULES = YES;
				CLANG_ENABLE_OBJC_ARC = YES;
				CLANG_ENABLE_OBJC_WEAK = YES;
				CLANG_WARN_BLOCK_CAPTURE_AUTORELEASING = YES;
				CLANG_WARN_BOOL_CONVERSION = YES;
				CLANG_WARN_COMMA = YES;
				CLANG_WARN_CONSTANT_CONVERSION = YES;
				CLANG_WARN_DEPRECATED_OBJC_IMPLEMENTATIONS = YES;
				CLANG_WARN_DIRECT_OBJC_ISA_USAGE = YES_ERROR;
				CLANG_WARN_DOCUMENTATION_COMMENTS = YES;
				CLANG_WARN_EMPTY_BODY = YES;
				CLANG_WARN_ENUM_CONVERSION = YES;
				CLANG_WARN_INFINITE_RECURSION = YES;
				CLANG_WARN_INT_CONVERSION = YES;
				CLANG_WARN_NON_LITERAL_NULL_CONVERSION = YES;
				CLANG_WARN_OBJC_IMPLICIT_RETAIN_SELF = YES;
				CLANG_WARN_OBJC_LITERAL_CONVERSION = YES;
				CLANG_WARN_OBJC_ROOT_CLASS = YES_ERROR;
				CLANG_WARN_QUOTED_INCLUDE_IN_FRAMEWORK_HEADER = YES;
				CLANG_WARN_RANGE_LOOP_ANALYSIS = YES;
				CLANG_WARN_STRICT_PROTOTYPES = YES;
				CLANG_WARN_SUSPICIOUS_MOVE = YES;
				CLANG_WARN_UNGUARDED_AVAILABILITY = YES_AGGRESSIVE;
				CLANG_WARN_UNREACHABLE_CODE = YES;
				CLANG_WARN__DUPLICATE_METHOD_MATCH = YES;
				COPY_PHASE_STRIP = NO;
				DEBUG_INFORMATION_FORMAT = "dwarf-with-dsym";
				ENABLE_NS_ASSERTIONS = NO;
				ENABLE_STRICT_OBJC_MSGSEND = YES;
				GCC_C_LANGUAGE_STANDARD = gnu11;
				GCC_NO_COMMON_BLOCKS = YES;
				GCC_WARN_64_TO_32_BIT_CONVERSION = YES;
				GCC_WARN_ABOUT_RETURN_TYPE = YES_ERROR;
				GCC_WARN_UNDECLARED_SELECTOR = YES;
				GCC_WARN_UNINITIALIZED_AUTOS = YES_AGGRESSIVE;
				GCC_WARN_UNUSED_FUNCTION = YES;
				GCC_WARN_UNUSED_VARIABLE = YES;
				IPHONEOS_DEPLOYMENT_TARGET = 14.5;
				MTL_ENABLE_DEBUG_INFO = NO;
				MTL_FAST_MATH = YES;
				SDKROOT = iphoneos;
				SWIFT_COMPILATION_MODE = wholemodule;
				SWIFT_OPTIMIZATION_LEVEL = "-O";
				VALIDATE_PRODUCT = YES;
			};
			name = Release;
		};
		FDDAA4E126D4C7E500370E26 /* Debug */ = {
			isa = XCBuildConfiguration;
			buildSettings = {
				ASSETCATALOG_COMPILER_APPICON_NAME = AppIcon;
				ASSETCATALOG_COMPILER_GLOBAL_ACCENT_COLOR_NAME = AccentColor;
				CODE_SIGN_STYLE = Automatic;
				DEVELOPMENT_TEAM = 93336KV4Q7;
				INFOPLIST_FILE = LoginHomeWork/App/Info.plist;
				LD_RUNPATH_SEARCH_PATHS = (
					"$(inherited)",
					"@executable_path/Frameworks",
				);
				PRODUCT_BUNDLE_IDENTIFIER = com.nadzeya.shpakouskaya.LoginHomeWork;
				PRODUCT_NAME = "$(TARGET_NAME)";
				SWIFT_VERSION = 5.0;
				TARGETED_DEVICE_FAMILY = 1;
			};
			name = Debug;
		};
		FDDAA4E226D4C7E500370E26 /* Release */ = {
			isa = XCBuildConfiguration;
			buildSettings = {
				ASSETCATALOG_COMPILER_APPICON_NAME = AppIcon;
				ASSETCATALOG_COMPILER_GLOBAL_ACCENT_COLOR_NAME = AccentColor;
				CODE_SIGN_STYLE = Automatic;
				DEVELOPMENT_TEAM = 93336KV4Q7;
				INFOPLIST_FILE = LoginHomeWork/App/Info.plist;
				LD_RUNPATH_SEARCH_PATHS = (
					"$(inherited)",
					"@executable_path/Frameworks",
				);
				PRODUCT_BUNDLE_IDENTIFIER = com.nadzeya.shpakouskaya.LoginHomeWork;
				PRODUCT_NAME = "$(TARGET_NAME)";
				SWIFT_VERSION = 5.0;
				TARGETED_DEVICE_FAMILY = 1;
			};
			name = Release;
		};
/* End XCBuildConfiguration section */

/* Begin XCConfigurationList section */
		FDDAA4C726D4C7E400370E26 /* Build configuration list for PBXProject "LoginHomeWork" */ = {
			isa = XCConfigurationList;
			buildConfigurations = (
				FDDAA4DE26D4C7E500370E26 /* Debug */,
				FDDAA4DF26D4C7E500370E26 /* Release */,
			);
			defaultConfigurationIsVisible = 0;
			defaultConfigurationName = Release;
		};
		FDDAA4E026D4C7E500370E26 /* Build configuration list for PBXNativeTarget "LoginHomeWork" */ = {
			isa = XCConfigurationList;
			buildConfigurations = (
				FDDAA4E126D4C7E500370E26 /* Debug */,
				FDDAA4E226D4C7E500370E26 /* Release */,
			);
			defaultConfigurationIsVisible = 0;
			defaultConfigurationName = Release;
		};
/* End XCConfigurationList section */
	};
	rootObject = FDDAA4C426D4C7E400370E26 /* Project object */;
}
